
Microsoft Visual Studio Solution File, Format Version 12.00
# Visual Studio Version 17
VisualStudioVersion = 17.13.35825.156
MinimumVisualStudioVersion = 10.0.40219.1
Project("{FAE04EC0-301F-11D3-BF4B-00C04F79EFBC}") = "Ruletka", "RouletteGame\Ruletka.csproj", "{1E4AB863-ED38-4E15-B409-EEEA40446D29}"
EndProject
Global
	GlobalSection(SolutionConfigurationPlatforms) = preSolution
		Debug|Any CPU = Debug|Any CPU
		Release|Any CPU = Release|Any CPU
	EndGlobalSection
	GlobalSection(ProjectConfigurationPlatforms) = postSolution
		{1E4AB863-ED38-4E15-B409-EEEA40446D29}.Debug|Any CPU.ActiveCfg = Debug|Any CPU
		{1E4AB863-ED38-4E15-B409-EEEA40446D29}.Debug|Any CPU.Build.0 = Debug|Any CPU
		{1E4AB863-ED38-4E15-B409-EEEA40446D29}.Release|Any CPU.ActiveCfg = Release|Any CPU
		{1E4AB863-ED38-4E15-B409-EEEA40446D29}.Release|Any CPU.Build.0 = Release|Any CPU
	EndGlobalSection
	GlobalSection(SolutionProperties) = preSolution
		HideSolutionNode = FALSE
	EndGlobalSection
	GlobalSection(ExtensibilityGlobals) = postSolution
		SolutionGuid = {4194C5C2-F999-436C-B2C4-132ACEC5B3DF}
	EndGlobalSection
EndGlobal
